
Microsoft Visual Studio Solution File, Format Version 11.00
# Visual Studio 2010
Project("{FAE04EC0-301F-11D3-BF4B-00C04F79EFBC}") = "ResharperMacros", "ResharperMacros\ResharperMacros.csproj", "{765D5349-991D-411E-ADF4-A02989ABABCF}"
EndProject
Global
	GlobalSection(SolutionConfigurationPlatforms) = preSolution
		Debug|Any CPU = Debug|Any CPU
		Release|Any CPU = Release|Any CPU
	EndGlobalSection
	GlobalSection(ProjectConfigurationPlatforms) = postSolution
		{765D5349-991D-411E-ADF4-A02989ABABCF}.Debug|Any CPU.ActiveCfg = Debug|Any CPU
		{765D5349-991D-411E-ADF4-A02989ABABCF}.Debug|Any CPU.Build.0 = Debug|Any CPU
		{765D5349-991D-411E-ADF4-A02989ABABCF}.Release|Any CPU.ActiveCfg = Release|Any CPU
		{765D5349-991D-411E-ADF4-A02989ABABCF}.Release|Any CPU.Build.0 = Release|Any CPU
	EndGlobalSection
	GlobalSection(SolutionProperties) = preSolution
		HideSolutionNode = FALSE
	EndGlobalSection
EndGlobal
